{
  "pins" : [
    {
      "identity" : "cwlcatchexception",
      "kind" : "remoteSourceControl",
      "location" : "https://github.com/mattgallagher/CwlCatchException.git",
      "state" : {
        "revision" : "f809deb30dc5c9d9b78c872e553261a61177721a",
        "version" : "2.0.0"
      }
    },
    {
      "identity" : "cwlpreconditiontesting",
      "kind" : "remoteSourceControl",
      "location" : "https://github.com/mattgallagher/CwlPreconditionTesting.git",
      "state" : {
        "revision" : "02b7a39a99c4da27abe03cab2053a9034379639f",
        "version" : "2.0.0"
      }
    },
    {
      "identity" : "idzswiftcommoncrypto",
      "kind" : "remoteSourceControl",
      "location" : "https://github.com/iosdevzone/IDZSwiftCommonCrypto",
      "state" : {
        "revision" : "d824371e670bd57eb456bbc41139b4997f7207b8",
        "version" : "0.13.1"
      }
    },
    {
      "identity" : "nimble",
      "kind" : "remoteSourceControl",
      "location" : "https://github.com/Quick/Nimble",
      "state" : {
        "revision" : "e491a6731307bb23783bf664d003be9b2fa59ab5",
        "version" : "9.0.0"
      }
    },
    {
      "identity" : "quick",
      "kind" : "remoteSourceControl",
      "location" : "https://github.com/Quick/Quick",
      "state" : {
        "revision" : "8cce6acd38f965f5baa3167b939f86500314022b",
        "version" : "3.1.2"
      }
    }
  ],
  "version" : 2
}
